
Microsoft Visual Studio Solution File, Format Version 12.00
# Visual Studio Version 17
VisualStudioVersion = 17.8.34316.72
MinimumVisualStudioVersion = 10.0.40219.1
Project("{FAE04EC0-301F-11D3-BF4B-00C04F79EFBC}") = "WriterPlatformWeb", "WriterPlatformWeb\WriterPlatformWeb.csproj", "{DA1305BA-B673-46DD-87E2-0A80FBFDD603}"
EndProject
Global
	GlobalSection(SolutionConfigurationPlatforms) = preSolution
		Debug|Any CPU = Debug|Any CPU
		Release|Any CPU = Release|Any CPU
	EndGlobalSection
	GlobalSection(ProjectConfigurationPlatforms) = postSolution
		{DA1305BA-B673-46DD-87E2-0A80FBFDD603}.Debug|Any CPU.ActiveCfg = Debug|Any CPU
		{DA1305BA-B673-46DD-87E2-0A80FBFDD603}.Debug|Any CPU.Build.0 = Debug|Any CPU
		{DA1305BA-B673-46DD-87E2-0A80FBFDD603}.Release|Any CPU.ActiveCfg = Release|Any CPU
		{DA1305BA-B673-46DD-87E2-0A80FBFDD603}.Release|Any CPU.Build.0 = Release|Any CPU
	EndGlobalSection
	GlobalSection(SolutionProperties) = preSolution
		HideSolutionNode = FALSE
	EndGlobalSection
	GlobalSection(ExtensibilityGlobals) = postSolution
		SolutionGuid = {88AEF1D0-07D3-4480-A630-BDDEE9F32E40}
	EndGlobalSection
EndGlobal
